
Microsoft Visual Studio Solution File, Format Version 12.00
# Visual Studio Version 16
VisualStudioVersion = 16.0.30330.147
MinimumVisualStudioVersion = 10.0.40219.1
Project("{FAE04EC0-301F-11D3-BF4B-00C04F79EFBC}") = "aspnet-core-firebase-validation", "aspnet-core-firebase-validation\aspnet-core-firebase-validation.csproj", "{6F676A35-F2C3-4D6F-A441-A261A1BA855E}"
EndProject
Global
	GlobalSection(SolutionConfigurationPlatforms) = preSolution
		Debug|Any CPU = Debug|Any CPU
		Release|Any CPU = Release|Any CPU
	EndGlobalSection
	GlobalSection(ProjectConfigurationPlatforms) = postSolution
		{6F676A35-F2C3-4D6F-A441-A261A1BA855E}.Debug|Any CPU.ActiveCfg = Debug|Any CPU
		{6F676A35-F2C3-4D6F-A441-A261A1BA855E}.Debug|Any CPU.Build.0 = Debug|Any CPU
		{6F676A35-F2C3-4D6F-A441-A261A1BA855E}.Release|Any CPU.ActiveCfg = Release|Any CPU
		{6F676A35-F2C3-4D6F-A441-A261A1BA855E}.Release|Any CPU.Build.0 = Release|Any CPU
	EndGlobalSection
	GlobalSection(SolutionProperties) = preSolution
		HideSolutionNode = FALSE
	EndGlobalSection
	GlobalSection(ExtensibilityGlobals) = postSolution
		SolutionGuid = {43C66BCA-D2DC-4A12-9D3B-E3886D3E6C31}
	EndGlobalSection
EndGlobal
